
Microsoft Visual Studio Solution File, Format Version 12.00
# Visual Studio Version 17
VisualStudioVersion = 17.11.35327.3
MinimumVisualStudioVersion = 10.0.40219.1
Project("{888888A0-9F3D-457C-B088-3A5042F75D52}") = "Chess", "Chess\Chess.pyproj", "{3FDBAA5F-AB0F-46D8-A6DF-5EDDAB03F965}"
EndProject
Global
	GlobalSection(SolutionConfigurationPlatforms) = preSolution
		Debug|Any CPU = Debug|Any CPU
		Release|Any CPU = Release|Any CPU
	EndGlobalSection
	GlobalSection(ProjectConfigurationPlatforms) = postSolution
		{3FDBAA5F-AB0F-46D8-A6DF-5EDDAB03F965}.Debug|Any CPU.ActiveCfg = Debug|Any CPU
		{3FDBAA5F-AB0F-46D8-A6DF-5EDDAB03F965}.Release|Any CPU.ActiveCfg = Release|Any CPU
	EndGlobalSection
	GlobalSection(SolutionProperties) = preSolution
		HideSolutionNode = FALSE
	EndGlobalSection
	GlobalSection(ExtensibilityGlobals) = postSolution
		SolutionGuid = {5A48ADE7-A9A9-4C31-8029-E218ADC6D728}
	EndGlobalSection
EndGlobal
